
Microsoft Visual Studio Solution File, Format Version 12.00
# Visual Studio Version 17
VisualStudioVersion = 17.5.33530.505
MinimumVisualStudioVersion = 10.0.40219.1
Project("{FAE04EC0-301F-11D3-BF4B-00C04F79EFBC}") = "Practical_3", "Practical_3\Practical_3.csproj", "{2EB3FD07-5531-4A41-BFFA-041479C5ECD8}"
EndProject
Global
	GlobalSection(SolutionConfigurationPlatforms) = preSolution
		Debug|Any CPU = Debug|Any CPU
		Release|Any CPU = Release|Any CPU
	EndGlobalSection
	GlobalSection(ProjectConfigurationPlatforms) = postSolution
		{2EB3FD07-5531-4A41-BFFA-041479C5ECD8}.Debug|Any CPU.ActiveCfg = Debug|Any CPU
		{2EB3FD07-5531-4A41-BFFA-041479C5ECD8}.Debug|Any CPU.Build.0 = Debug|Any CPU
		{2EB3FD07-5531-4A41-BFFA-041479C5ECD8}.Release|Any CPU.ActiveCfg = Release|Any CPU
		{2EB3FD07-5531-4A41-BFFA-041479C5ECD8}.Release|Any CPU.Build.0 = Release|Any CPU
	EndGlobalSection
	GlobalSection(SolutionProperties) = preSolution
		HideSolutionNode = FALSE
	EndGlobalSection
	GlobalSection(ExtensibilityGlobals) = postSolution
		SolutionGuid = {0D2668E3-E011-4BF0-A69D-BF3F18466987}
	EndGlobalSection
EndGlobal
